// !$*UTF8*$!
{
	archiveVersion = 1;
	classes = {
	};
	objectVersion = 48;
	objects = {

/* Begin PBXBuildFile section */
		FE7E4A95200A5A9000992BBE /* AppDelegate.swift in Sources */ = {isa = PBXBuildFile; fileRef = FE7E4A94200A5A9000992BBE /* AppDelegate.swift */; };
		FE7E4A97200A5A9000992BBE /* ViewController.swift in Sources */ = {isa = PBXBuildFile; fileRef = FE7E4A96200A5A9000992BBE /* ViewController.swift */; };
		FE7E4A9A200A5A9000992BBE /* Main.storyboard in Resources */ = {isa = PBXBuildFile; fileRef = FE7E4A98200A5A9000992BBE /* Main.storyboard */; };
		FE7E4A9C200A5A9000992BBE /* Assets.xcassets in Resources */ = {isa = PBXBuildFile; fileRef = FE7E4A9B200A5A9000992BBE /* Assets.xcassets */; };
		FE7E4A9F200A5A9000992BBE /* LaunchScreen.storyboard in Resources */ = {isa = PBXBuildFile; fileRef = FE7E4A9D200A5A9000992BBE /* LaunchScreen.storyboard */; };
		FEA9D0372012400100A4679D /* GuessingGame.swift in Sources */ = {isa = PBXBuildFile; fileRef = FEA9D0362012400100A4679D /* GuessingGame.swift */; };
/* End PBXBuildFile section */

/* Begin PBXFileReference section */
		FE7E4A91200A5A9000992BBE /* GuessingGame.app */ = {isa = PBXFileReference; explicitFileType = wrapper.application; includeInIndex = 0; path = GuessingGame.app; sourceTree = BUILT_PRODUCTS_DIR; };
		FE7E4A94200A5A9000992BBE /* AppDelegate.swift */ = {isa = PBXFileReference; lastKnownFileType = sourcecode.swift; path = AppDelegate.swift; sourceTree = "<group>"; };
		FE7E4A96200A5A9000992BBE /* ViewController.swift */ = {isa = PBXFileReference; lastKnownFileType = sourcecode.swift; path = ViewController.swift; sourceTree = "<group>"; };
		FE7E4A99200A5A9000992BBE /* Base */ = {isa = PBXFileReference; lastKnownFileType = file.storyboard; name = Base; path = Base.lproj/Main.storyboard; sourceTree = "<group>"; };
		FE7E4A9B200A5A9000992BBE /* Assets.xcassets */ = {isa = PBXFileReference; lastKnownFileType = folder.assetcatalog; path = Assets.xcassets; sourceTree = "<group>"; };
		FE7E4A9E200A5A9000992BBE /* Base */ = {isa = PBXFileReference; lastKnownFileType = file.storyboard; name = Base; path = Base.lproj/LaunchScreen.storyboard; sourceTree = "<group>"; };
		FE7E4AA0200A5A9000992BBE /* Info.plist */ = {isa = PBXFileReference; lastKnownFileType = text.plist.xml; path = Info.plist; sourceTree = "<group>"; };
		FEA9D0362012400100A4679D /* GuessingGame.swift */ = {isa = PBXFileReference; lastKnownFileType = sourcecode.swift; path = GuessingGame.swift; sourceTree = "<group>"; };
/* End PBXFileReference section */

/* Begin PBXFrameworksBuildPhase section */
		FE7E4A8E200A5A9000992BBE /* Frameworks */ = {
			isa = PBXFrameworksBuildPhase;
			buildActionMask = 2147483647;
			files = (
			);
			runOnlyForDeploymentPostprocessing = 0;
		};
/* End PBXFrameworksBuildPhase section */

/* Begin PBXGroup section */
		FE7E4A88200A5A9000992BBE = {
			isa = PBXGroup;
			children = (
				FE7E4A93200A5A9000992BBE /* GuessingGame */,
				FE7E4A92200A5A9000992BBE /* Products */,
			);
			sourceTree = "<group>";
		};
		FE7E4A92200A5A9000992BBE /* Products */ = {
			isa = PBXGroup;
			children = (
				FE7E4A91200A5A9000992BBE /* GuessingGame.app */,
			);
			name = Products;
			sourceTree = "<group>";
		};
		FE7E4A93200A5A9000992BBE /* GuessingGame */ = {
			isa = PBXGroup;
			children = (
				FE7E4A94200A5A9000992BBE /* AppDelegate.swift */,
				FE7E4A96200A5A9000992BBE /* ViewController.swift */,
				FE7E4A98200A5A9000992BBE /* Main.storyboard */,
				FE7E4A9B200A5A9000992BBE /* Assets.xcassets */,
				FE7E4A9D200A5A9000992BBE /* LaunchScreen.storyboard */,
				FE7E4AA0200A5A9000992BBE /* Info.plist */,
				FEA9D0362012400100A4679D /* GuessingGame.swift */,
			);
			path = GuessingGame;
			sourceTree = "<group>";
		};
/* End PBXGroup section */

/* Begin PBXNativeTarget section */
		FE7E4A90200A5A9000992BBE /* GuessingGame */ = {
			isa = PBXNativeTarget;
			buildConfigurationList = FE7E4AA3200A5A9000992BBE /* Build configuration list for PBXNativeTarget "GuessingGame" */;
			buildPhases = (
				FE7E4A8D200A5A9000992BBE /* Sources */,
				FE7E4A8E200A5A9000992BBE /* Frameworks */,
				FE7E4A8F200A5A9000992BBE /* Resources */,
			);
			buildRules = (
			);
			dependencies = (
			);
			name = GuessingGame;
			productName = GuessingGame;
			productReference = FE7E4A91200A5A9000992BBE /* GuessingGame.app */;
			productType = "com.apple.product-type.application";
		};
/* End PBXNativeTarget section */

/* Begin PBXProject section */
		FE7E4A89200A5A9000992BBE /* Project object */ = {
			isa = PBXProject;
			attributes = {
				LastSwiftUpdateCheck = 0920;
				LastUpgradeCheck = 0920;
				ORGANIZATIONNAME = "Bowler, Ryan";
				TargetAttributes = {
					FE7E4A90200A5A9000992BBE = {
						CreatedOnToolsVersion = 9.2;
						ProvisioningStyle = Automatic;
					};
				};
			};
			buildConfigurationList = FE7E4A8C200A5A9000992BBE /* Build configuration list for PBXProject "GuessingGame" */;
			compatibilityVersion = "Xcode 8.0";
			developmentRegion = en;
			hasScannedForEncodings = 0;
			knownRegions = (
				en,
				Base,
			);
			mainGroup = FE7E4A88200A5A9000992BBE;
			productRefGroup = FE7E4A92200A5A9000992BBE /* Products */;
			projectDirPath = "";
			projectRoot = "";
			targets = (
				FE7E4A90200A5A9000992BBE /* GuessingGame */,
			);
		};
/* End PBXProject section */

/* Begin PBXResourcesBuildPhase section */
		FE7E4A8F200A5A9000992BBE /* Resources */ = {
			isa = PBXResourcesBuildPhase;
			buildActionMask = 2147483647;
			files = (
				FE7E4A9F200A5A9000992BBE /* LaunchScreen.storyboard in Resources */,
				FE7E4A9C200A5A9000992BBE /* Assets.xcassets in Resources */,
				FE7E4A9A200A5A9000992BBE /* Main.storyboard in Resources */,
			);
			runOnlyForDeploymentPostprocessing = 0;
		};
/* End PBXResourcesBuildPhase section */

/* Begin PBXSourcesBuildPhase section */
		FE7E4A8D200A5A9000992BBE /* Sources */ = {
			isa = PBXSourcesBuildPhase;
			buildActionMask = 2147483647;
			files = (
				FE7E4A97200A5A9000992BBE /* ViewController.swift in Sources */,
				FEA9D0372012400100A4679D /* GuessingGame.swift in Sources */,
				FE7E4A95200A5A9000992BBE /* AppDelegate.swift in Sources */,
			);
			runOnlyForDeploymentPostprocessing = 0;
		};
/* End PBXSourcesBuildPhase section */

/* Begin PBXVariantGroup section */
		FE7E4A98200A5A9000992BBE /* Main.storyboard */ = {
			isa = PBXVariantGroup;
			children = (
				FE7E4A99200A5A9000992BBE /* Base */,
			);
			name = Main.storyboard;
			sourceTree = "<group>";
		};
		FE7E4A9D200A5A9000992BBE /* LaunchScreen.storyboard */ = {
			isa = PBXVariantGroup;
			children = (
				FE7E4A9E200A5A9000992BBE /* Base */,
			);
			name = LaunchScreen.storyboard;
			sourceTree = "<group>";
		};
/* End PBXVariantGroup section */

/* Begin XCBuildConfiguration section */
		FE7E4AA1200A5A9000992BBE /* Debug */ = {
			isa = XCBuildConfiguration;
			buildSettings = {
				ALWAYS_SEARCH_USER_PATHS = NO;
				CLANG_ANALYZER_NONNULL = YES;
				CLANG_ANALYZER_NUMBER_OBJECT_CONVERSION = YES_AGGRESSIVE;
				CLANG_CXX_LANGUAGE_STANDARD = "gnu++14";
				CLANG_CXX_LIBRARY = "libc++";
				CLANG_ENABLE_MODULES = YES;
				CLANG_ENABLE_OBJC_ARC = YES;
				CLANG_WARN_BLOCK_CAPTURE_AUTORELEASING = YES;
				CLANG_WARN_BOOL_CONVERSION = YES;
				CLANG_WARN_COMMA = YES;
				CLANG_WARN_CONSTANT_CONVERSION = YES;
				CLANG_WARN_DIRECT_OBJC_ISA_USAGE = YES_ERROR;
				CLANG_WARN_DOCUMENTATION_COMMENTS = YES;
				CLANG_WARN_EMPTY_BODY = YES;
				CLANG_WARN_ENUM_CONVERSION = YES;
				CLANG_WARN_INFINITE_RECURSION = YES;
				CLANG_WARN_INT_CONVERSION = YES;
				CLANG_WARN_NON_LITERAL_NULL_CONVERSION = YES;
				CLANG_WARN_OBJC_LITERAL_CONVERSION = YES;
				CLANG_WARN_OBJC_ROOT_CLASS = YES_ERROR;
				CLANG_WARN_RANGE_LOOP_ANALYSIS = YES;
				CLANG_WARN_STRICT_PROTOTYPES = YES;
				CLANG_WARN_SUSPICIOUS_MOVE = YES;
				CLANG_WARN_UNGUARDED_AVAILABILITY = YES_AGGRESSIVE;
				CLANG_WARN_UNREACHABLE_CODE = YES;
				CLANG_WARN__DUPLICATE_METHOD_MATCH = YES;
				CODE_SIGN_IDENTITY = "iPhone Developer";
				COPY_PHASE_STRIP = NO;
				DEBUG_INFORMATION_FORMAT = dwarf;
				ENABLE_STRICT_OBJC_MSGSEND = YES;
				ENABLE_TESTABILITY = YES;
				GCC_C_LANGUAGE_STANDARD = gnu11;
				GCC_DYNAMIC_NO_PIC = NO;
				GCC_NO_COMMON_BLOCKS = YES;
				GCC_OPTIMIZATION_LEVEL = 0;
				GCC_PREPROCESSOR_DEFINITIONS = (
					"DEBUG=1",
					"$(inherited)",
				);
				GCC_WARN_64_TO_32_BIT_CONVERSION = YES;
				GCC_WARN_ABOUT_RETURN_TYPE = YES_ERROR;
				GCC_WARN_UNDECLARED_SELECTOR = YES;
				GCC_WARN_UNINITIALIZED_AUTOS = YES_AGGRESSIVE;
				GCC_WARN_UNUSED_FUNCTION = YES;
				GCC_WARN_UNUSED_VARIABLE = YES;
				IPHONEOS_DEPLOYMENT_TARGET = 11.2;
				MTL_ENABLE_DEBUG_INFO = YES;
				ONLY_ACTIVE_ARCH = YES;
				SDKROOT = iphoneos;
				SWIFT_ACTIVE_COMPILATION_CONDITIONS = DEBUG;
				SWIFT_OPTIMIZATION_LEVEL = "-Onone";
			};
			name = Debug;
		};
		FE7E4AA2200A5A9000992BBE /* Release */ = {
			isa = XCBuildConfiguration;
			buildSettings = {
				ALWAYS_SEARCH_USER_PATHS = NO;
				CLANG_ANALYZER_NONNULL = YES;
				CLANG_ANALYZER_NUMBER_OBJECT_CONVERSION = YES_AGGRESSIVE;
				CLANG_CXX_LANGUAGE_STANDARD = "gnu++14";
				CLANG_CXX_LIBRARY = "libc++";
				CLANG_ENABLE_MODULES = YES;
				CLANG_ENABLE_OBJC_ARC = YES;
				CLANG_WARN_BLOCK_CAPTURE_AUTORELEASING = YES;
				CLANG_WARN_BOOL_CONVERSION = YES;
				CLANG_WARN_COMMA = YES;
				CLANG_WARN_CONSTANT_CONVERSION = YES;
				CLANG_WARN_DIRECT_OBJC_ISA_USAGE = YES_ERROR;
				CLANG_WARN_DOCUMENTATION_COMMENTS = YES;
				CLANG_WARN_EMPTY_BODY = YES;
				CLANG_WARN_ENUM_CONVERSION = YES;
				CLANG_WARN_INFINITE_RECURSION = YES;
				CLANG_WARN_INT_CONVERSION = YES;
				CLANG_WARN_NON_LITERAL_NULL_CONVERSION = YES;
				CLANG_WARN_OBJC_LITERAL_CONVERSION = YES;
				CLANG_WARN_OBJC_ROOT_CLASS = YES_ERROR;
				CLANG_WARN_RANGE_LOOP_ANALYSIS = YES;
				CLANG_WARN_STRICT_PROTOTYPES = YES;
				CLANG_WARN_SUSPICIOUS_MOVE = YES;
				CLANG_WARN_UNGUARDED_AVAILABILITY = YES_AGGRESSIVE;
				CLANG_WARN_UNREACHABLE_CODE = YES;
				CLANG_WARN__DUPLICATE_METHOD_MATCH = YES;
				CODE_SIGN_IDENTITY = "iPhone Developer";
				COPY_PHASE_STRIP = NO;
				DEBUG_INFORMATION_FORMAT = "dwarf-with-dsym";
				ENABLE_NS_ASSERTIONS = NO;
				ENABLE_STRICT_OBJC_MSGSEND = YES;
				GCC_C_LANGUAGE_STANDARD = gnu11;
				GCC_NO_COMMON_BLOCKS = YES;
				GCC_WARN_64_TO_32_BIT_CONVERSION = YES;
				GCC_WARN_ABOUT_RETURN_TYPE = YES_ERROR;
				GCC_WARN_UNDECLARED_SELECTOR = YES;
				GCC_WARN_UNINITIALIZED_AUTOS = YES_AGGRESSIVE;
				GCC_WARN_UNUSED_FUNCTION = YES;
				GCC_WARN_UNUSED_VARIABLE = YES;
				IPHONEOS_DEPLOYMENT_TARGET = 11.2;
				MTL_ENABLE_DEBUG_INFO = NO;
				SDKROOT = iphoneos;
				SWIFT_OPTIMIZATION_LEVEL = "-Owholemodule";
				VALIDATE_PRODUCT = YES;
			};
			name = Release;
		};
		FE7E4AA4200A5A9000992BBE /* Debug */ = {
			isa = XCBuildConfiguration;
			buildSettings = {
				ASSETCATALOG_COMPILER_APPICON_NAME = AppIcon;
				CODE_SIGN_STYLE = Automatic;
				INFOPLIST_FILE = GuessingGame/Info.plist;
				LD_RUNPATH_SEARCH_PATHS = "$(inherited) @executable_path/Frameworks";
				PRODUCT_BUNDLE_IDENTIFIER = ca.on.lcs.bowler.ryan.GuessingGame;
				PRODUCT_NAME = "$(TARGET_NAME)";
				SWIFT_VERSION = 4.0;
				TARGETED_DEVICE_FAMILY = "1,2";
			};
			name = Debug;
		};
		FE7E4AA5200A5A9000992BBE /* Release */ = {
			isa = XCBuildConfiguration;
			buildSettings = {
				ASSETCATALOG_COMPILER_APPICON_NAME = AppIcon;
				CODE_SIGN_STYLE = Automatic;
				INFOPLIST_FILE = GuessingGame/Info.plist;
				LD_RUNPATH_SEARCH_PATHS = "$(inherited) @executable_path/Frameworks";
				PRODUCT_BUNDLE_IDENTIFIER = ca.on.lcs.bowler.ryan.GuessingGame;
				PRODUCT_NAME = "$(TARGET_NAME)";
				SWIFT_VERSION = 4.0;
				TARGETED_DEVICE_FAMILY = "1,2";
			};
			name = Release;
		};
/* End XCBuildConfiguration section */

/* Begin XCConfigurationList section */
		FE7E4A8C200A5A9000992BBE /* Build configuration list for PBXProject "GuessingGame" */ = {
			isa = XCConfigurationList;
			buildConfigurations = (
				FE7E4AA1200A5A9000992BBE /* Debug */,
				FE7E4AA2200A5A9000992BBE /* Release */,
			);
			defaultConfigurationIsVisible = 0;
			defaultConfigurationName = Release;
		};
		FE7E4AA3200A5A9000992BBE /* Build configuration list for PBXNativeTarget "GuessingGame" */ = {
			isa = XCConfigurationList;
			buildConfigurations = (
				FE7E4AA4200A5A9000992BBE /* Debug */,
				FE7E4AA5200A5A9000992BBE /* Release */,
			);
			defaultConfigurationIsVisible = 0;
			defaultConfigurationName = Release;
		};
/* End XCConfigurationList section */
	};
	rootObject = FE7E4A89200A5A9000992BBE /* Project object */;
}
